
Microsoft Visual Studio Solution File, Format Version 12.00
# Visual Studio Version 17
VisualStudioVersion = 17.3.32922.545
MinimumVisualStudioVersion = 10.0.40219.1
Project("{2150E333-8FDC-42A3-9474-1A3956D46DE8}") = "Exercises", "Exercises", "{8FFBAF16-3611-43AE-B2EE-417E8624BC35}"
EndProject
Project("{2150E333-8FDC-42A3-9474-1A3956D46DE8}") = "Defining Classes", "Defining Classes", "{10C3D6B4-FCB3-49C1-805E-4E1C0B4F1AFC}"
EndProject
Global
	GlobalSection(SolutionProperties) = preSolution
		HideSolutionNode = FALSE
	EndGlobalSection
	GlobalSection(NestedProjects) = preSolution
		{10C3D6B4-FCB3-49C1-805E-4E1C0B4F1AFC} = {8FFBAF16-3611-43AE-B2EE-417E8624BC35}
	EndGlobalSection
	GlobalSection(ExtensibilityGlobals) = postSolution
		SolutionGuid = {238B235E-2AF7-4204-91ED-3907BC09DE3C}
	EndGlobalSection
EndGlobal
