
Microsoft Visual Studio Solution File, Format Version 12.00
# Visual Studio Version 17
VisualStudioVersion = 17.3.32922.545
MinimumVisualStudioVersion = 10.0.40219.1
Project("{2150E333-8FDC-42A3-9474-1A3956D46DE8}") = "Exercises", "Exercises", "{8FFBAF16-3611-43AE-B2EE-417E8624BC35}"
EndProject
Project("{2150E333-8FDC-42A3-9474-1A3956D46DE8}") = "Defining Classes", "Defining Classes", "{10C3D6B4-FCB3-49C1-805E-4E1C0B4F1AFC}"
EndProject
Project("{9A19103F-16F7-4668-BE54-9A1E7A4F7556}") = "DefinePersonClass", "Exercises\Defining Classes\DefinePersonClass\DefinePersonClass.csproj", "{F9737FB9-C3FE-436D-A08C-B34B0B5B0D0E}"
EndProject
Project("{9A19103F-16F7-4668-BE54-9A1E7A4F7556}") = "Family", "Exercises\Defining Classes\Family\Family.csproj", "{10AEC5AE-D30D-4BDE-A84C-A1D7C531544C}"
EndProject
Project("{9A19103F-16F7-4668-BE54-9A1E7A4F7556}") = "Statistics", "Exercises\Defining Classes\Statistics\Statistics.csproj", "{12E5C13A-6F63-40CA-88EF-E2A517831762}"
EndProject
Project("{2150E333-8FDC-42A3-9474-1A3956D46DE8}") = "Fields-And-Methods", "Fields-And-Methods", "{86A24EAB-A28C-4F76-986E-250E8BF201E0}"
EndProject
Project("{9A19103F-16F7-4668-BE54-9A1E7A4F7556}") = "DefiningBankAccountClass", "Exercises\Fields-And-Methods\DefiningBankAccountClass\DefiningBankAccountClass.csproj", "{ED9BFBBB-0E61-4DAA-8199-CD9F2197B3B7}"
EndProject
Project("{9A19103F-16F7-4668-BE54-9A1E7A4F7556}") = "DefiningPersonClassWithEncapsulation", "Exercises\Fields-And-Methods\DefiningPersonClassWithEncapsulation\DefiningPersonClassWithEncapsulation.csproj", "{EDDFB23E-D145-4438-A9CA-3DBAD7F5FD3D}"
EndProject
Project("{9A19103F-16F7-4668-BE54-9A1E7A4F7556}") = "ListOfEmployees", "Exercises\Fields-And-Methods\ListOfEmployees\ListOfEmployees.csproj", "{E5D626A2-D9AA-4CF7-B38D-0B0CFEC0CFD0}"
EndProject
Project("{9A19103F-16F7-4668-BE54-9A1E7A4F7556}") = "DefiningPersonClassWithCustomMethod", "Exercises\Fields-And-Methods\DefiningPersonClassWithCustomMethod\DefiningPersonClassWithCustomMethod.csproj", "{D2581905-5D71-4F14-96ED-6D54F22641CD}"
EndProject
Project("{9A19103F-16F7-4668-BE54-9A1E7A4F7556}") = "BankAccountWithMethods", "Exercises\Fields-And-Methods\BankAccountWithMethods\BankAccountWithMethods.csproj", "{98F2A55B-FA22-41EA-886F-C39CBA7B8819}"
EndProject
Project("{9A19103F-16F7-4668-BE54-9A1E7A4F7556}") = "ManWithHisMoney", "Exercises\Fields-And-Methods\ManWithHisMoney\ManWithHisMoney.csproj", "{6CAEF2C2-DBE8-4E01-B237-D19B03262828}"
EndProject
Project("{9A19103F-16F7-4668-BE54-9A1E7A4F7556}") = "OldestFamilyMember", "Exercises\Fields-And-Methods\OldestFamilyMember\OldestFamilyMember.csproj", "{8A680AAB-C3A3-43C5-B06A-981EABD45BB0}"
EndProject
Project("{9A19103F-16F7-4668-BE54-9A1E7A4F7556}") = "StatisticsResearch", "Exercises\Fields-And-Methods\StatisticsResearch\StatisticsResearch.csproj", "{EEE9290B-84B5-497B-9BC1-6D0EDD7BF1FF}"
EndProject
Project("{9A19103F-16F7-4668-BE54-9A1E7A4F7556}") = "DifferenceBetweenTwoDates", "Exercises\Fields-And-Methods\DifferenceBetweenTwoDates\DifferenceBetweenTwoDates.csproj", "{4D14ED16-F4C3-42CE-9C1C-94F2472424B2}"
EndProject
Project("{9A19103F-16F7-4668-BE54-9A1E7A4F7556}") = "TestClient", "Exercises\Fields-And-Methods\TestClient\TestClient.csproj", "{DF5588DD-C88B-4610-9DFE-CAC3C9492D53}"
EndProject
Project("{9A19103F-16F7-4668-BE54-9A1E7A4F7556}") = "DefiningPersonClassWithConstructors", "Exercises\Fields-And-Methods\DefiningPersonClassWithConstructors\DefiningPersonClassWithConstructors.csproj", "{C0730211-289E-4330-96D9-B065E3E5223D}"
EndProject
Project("{9A19103F-16F7-4668-BE54-9A1E7A4F7556}") = "ConstructorsOverloadingForPersonClass", "Exercises\Fields-And-Methods\ConstructorsOverloadingForPersonClass\ConstructorsOverloadingForPersonClass.csproj", "{C958C238-545F-4074-BE7D-1BD65D1CF7C6}"
EndProject
Project("{9A19103F-16F7-4668-BE54-9A1E7A4F7556}") = "RawData", "Exercises\Fields-And-Methods\RawData\RawData.csproj", "{F0868B54-1C05-4BCB-9B8C-70946C8DAFF1}"
EndProject
Project("{9A19103F-16F7-4668-BE54-9A1E7A4F7556}") = "CarTrips", "Exercises\Fields-And-Methods\CarTrips\CarTrips.csproj", "{80F25E94-C7C8-4429-8E71-33DCEFBDE861}"
EndProject
Project("{9A19103F-16F7-4668-BE54-9A1E7A4F7556}") = "RectanglesOverlapping", "Exercises\Fields-And-Methods\RectanglesOverlapping\RectanglesOverlapping.csproj", "{8B411286-5ECC-4676-90AD-3894CC7AA5BE}"
EndProject
Project("{9A19103F-16F7-4668-BE54-9A1E7A4F7556}") = "CarDealer", "Exercises\Fields-And-Methods\CarDealer\CarDealer.csproj", "{C83594E4-7029-4991-9793-1209228A5B2E}"
EndProject
Project("{9A19103F-16F7-4668-BE54-9A1E7A4F7556}") = "PokemonTrainer", "Exercises\Fields-And-Methods\PokemonTrainer\PokemonTrainer.csproj", "{89EFDC80-ED94-47DF-AA92-9A3F3292E196}"
EndProject
Project("{9A19103F-16F7-4668-BE54-9A1E7A4F7556}") = "Google", "Exercises\Fields-And-Methods\Google\Google.csproj", "{66B3885E-3059-439A-BB65-699BF5B7EEE2}"
EndProject
Project("{9A19103F-16F7-4668-BE54-9A1E7A4F7556}") = "FamilyTree", "Exercises\Fields-And-Methods\FamilyTree\FamilyTree.csproj", "{C97CA551-105D-443C-80B5-62238C0031A6}"
EndProject
Project("{2150E333-8FDC-42A3-9474-1A3956D46DE8}") = "Data-Encapsulation", "Data-Encapsulation", "{F01E00AB-23D6-401E-A052-4781EC3F8080}"
EndProject
Project("{9A19103F-16F7-4668-BE54-9A1E7A4F7556}") = "Creature", "Exercises\Data-Encapsulation\Creature\Creature.csproj", "{3AC91A0B-F5F5-4092-B680-84738AEC1D95}"
EndProject
Project("{9A19103F-16F7-4668-BE54-9A1E7A4F7556}") = "SortPeopleByNameAge", "Exercises\Data-Encapsulation\SortPeopleByNameAge\SortPeopleByNameAge.csproj", "{08CCA6B0-AA35-4E52-BD2F-6436514F3243}"
EndProject
Project("{9A19103F-16F7-4668-BE54-9A1E7A4F7556}") = "Box", "Exercises\Data-Encapsulation\Box\Box.csproj", "{F367CDC9-F7CB-454A-80C2-B3DBDD1AEA93}"
EndProject
Project("{9A19103F-16F7-4668-BE54-9A1E7A4F7556}") = "SalaryIncrease", "Exercises\Data-Encapsulation\SalaryIncrease\SalaryIncrease.csproj", "{F994D400-8980-4EA7-BDBA-A118E4E9D0E4}"
EndProject
Project("{9A19103F-16F7-4668-BE54-9A1E7A4F7556}") = "AnimalFarm", "Exercises\Data-Encapsulation\AnimalFarm\AnimalFarm.csproj", "{CBCADE4C-AC38-4841-8556-A0D701A42B4E}"
EndProject
Project("{9A19103F-16F7-4668-BE54-9A1E7A4F7556}") = "DataCheck", "Exercises\Data-Encapsulation\DataCheck\DataCheck.csproj", "{2F0DDA7C-A347-4B3F-A784-B12E77BD7730}"
EndProject
Project("{9A19103F-16F7-4668-BE54-9A1E7A4F7556}") = "BoxCheck", "Exercises\Data-Encapsulation\BoxCheck\BoxCheck.csproj", "{6C31AD29-4526-42D2-8D8F-B8F8B2208301}"
EndProject
Project("{9A19103F-16F7-4668-BE54-9A1E7A4F7556}") = "Shopping", "Exercises\Data-Encapsulation\Shopping\Shopping.csproj", "{70F9F8C7-77F3-4B0C-A440-0F606CCAB0F2}"
EndProject
Project("{9A19103F-16F7-4668-BE54-9A1E7A4F7556}") = "FirstAndReserveTeam", "Exercises\Data-Encapsulation\FirstAndReserveTeam\FirstAndReserveTeam.csproj", "{BED608AC-2B02-40CD-AE74-3AF2BA7733C6}"
EndProject
Project("{9A19103F-16F7-4668-BE54-9A1E7A4F7556}") = "CreatingAFootballTeam", "Exercises\Data-Encapsulation\CreatingAFootballTeam\CreatingAFootballTeam.csproj", "{F99F6C4A-42D5-468F-86A0-3D9AA107D646}"
EndProject
Project("{9A19103F-16F7-4668-BE54-9A1E7A4F7556}") = "CaloriesForPizza", "Exercises\Data-Encapsulation\CaloriesForPizza\CaloriesForPizza.csproj", "{506B4AAA-2601-4020-9E42-3EB5008ED2F3}"
EndProject
Project("{2150E333-8FDC-42A3-9474-1A3956D46DE8}") = "Static-Fields-And-Methods", "Static-Fields-And-Methods", "{464E2A0A-E634-41CB-8CF3-E2018C0B4E0D}"
EndProject
Project("{9A19103F-16F7-4668-BE54-9A1E7A4F7556}") = "PersonClassDefinition", "Exercises\Static-Fields-And-Methods\PersonClassDefinition\PersonClassDefinition.csproj", "{2A8892A5-5D72-478C-9A75-92553F7F8647}"
EndProject
Project("{9A19103F-16F7-4668-BE54-9A1E7A4F7556}") = "Geometry", "Exercises\Static-Fields-And-Methods\Geometry\Geometry.csproj", "{C4EFE180-5D40-492E-80EB-2F6F8718E8E1}"
EndProject
Project("{9A19103F-16F7-4668-BE54-9A1E7A4F7556}") = "SquareRootRequest", "Exercises\Static-Fields-And-Methods\SquareRootRequest\SquareRootRequest.csproj", "{2661FC67-CD8C-4C1A-9BCE-10D45D58FF01}"
EndProject
Project("{9A19103F-16F7-4668-BE54-9A1E7A4F7556}") = "OneShop", "Exercises\Static-Fields-And-Methods\OneShop\OneShop.csproj", "{C4C9C667-C828-48C5-8C2D-1CCD06AA621C}"
EndProject
Project("{9A19103F-16F7-4668-BE54-9A1E7A4F7556}") = "Banker", "Exercises\Static-Fields-And-Methods\Banker\Banker.csproj", "{33255F90-6571-4B6C-BEF4-B8864E890647}"
EndProject
Project("{2150E333-8FDC-42A3-9474-1A3956D46DE8}") = "Additional-Tasks", "Additional-Tasks", "{48993663-7EE8-4D65-BB1F-79628AFAF37C}"
EndProject
Project("{9A19103F-16F7-4668-BE54-9A1E7A4F7556}") = "CargoTransportation", "Exercises\Additional-Tasks\CargoTransportation\CargoTransportation.csproj", "{F9A47201-E813-40A4-87E8-0CDA93D4AAB4}"
EndProject
Project("{9A19103F-16F7-4668-BE54-9A1E7A4F7556}") = "StarWars", "Exercises\Additional-Tasks\StarWars\StarWars.csproj", "{50C0FF57-A4F1-4370-9AF3-E1CBFAA27646}"
EndProject
Project("{9A19103F-16F7-4668-BE54-9A1E7A4F7556}") = "DungeonestDark", "Exercises\Additional-Tasks\DungeonestDark\DungeonestDark.csproj", "{80BCE637-4D43-47B5-9B7D-309F34A9DBCE}"
EndProject
Project("{2150E333-8FDC-42A3-9474-1A3956D46DE8}") = "Practical-Exams", "Practical-Exams", "{8C5DAB9A-7E75-402B-985A-B7FE6AF097A1}"
EndProject
Project("{FAE04EC0-301F-11D3-BF4B-00C04F79EFBC}") = "GrandPrix", "Exercises\Practical-Exams\Grand-Prix\GrandPrix\GrandPrix.csproj", "{9FFDD1C1-EFCB-4BDF-BFD8-09735DE763A3}"
EndProject
Global
	GlobalSection(SolutionConfigurationPlatforms) = preSolution
		Debug|Any CPU = Debug|Any CPU
		Release|Any CPU = Release|Any CPU
	EndGlobalSection
	GlobalSection(ProjectConfigurationPlatforms) = postSolution
		{F9737FB9-C3FE-436D-A08C-B34B0B5B0D0E}.Debug|Any CPU.ActiveCfg = Debug|Any CPU
		{F9737FB9-C3FE-436D-A08C-B34B0B5B0D0E}.Debug|Any CPU.Build.0 = Debug|Any CPU
		{F9737FB9-C3FE-436D-A08C-B34B0B5B0D0E}.Release|Any CPU.ActiveCfg = Release|Any CPU
		{F9737FB9-C3FE-436D-A08C-B34B0B5B0D0E}.Release|Any CPU.Build.0 = Release|Any CPU
		{10AEC5AE-D30D-4BDE-A84C-A1D7C531544C}.Debug|Any CPU.ActiveCfg = Debug|Any CPU
		{10AEC5AE-D30D-4BDE-A84C-A1D7C531544C}.Debug|Any CPU.Build.0 = Debug|Any CPU
		{10AEC5AE-D30D-4BDE-A84C-A1D7C531544C}.Release|Any CPU.ActiveCfg = Release|Any CPU
		{10AEC5AE-D30D-4BDE-A84C-A1D7C531544C}.Release|Any CPU.Build.0 = Release|Any CPU
		{12E5C13A-6F63-40CA-88EF-E2A517831762}.Debug|Any CPU.ActiveCfg = Debug|Any CPU
		{12E5C13A-6F63-40CA-88EF-E2A517831762}.Debug|Any CPU.Build.0 = Debug|Any CPU
		{12E5C13A-6F63-40CA-88EF-E2A517831762}.Release|Any CPU.ActiveCfg = Release|Any CPU
		{12E5C13A-6F63-40CA-88EF-E2A517831762}.Release|Any CPU.Build.0 = Release|Any CPU
		{ED9BFBBB-0E61-4DAA-8199-CD9F2197B3B7}.Debug|Any CPU.ActiveCfg = Debug|Any CPU
		{ED9BFBBB-0E61-4DAA-8199-CD9F2197B3B7}.Debug|Any CPU.Build.0 = Debug|Any CPU
		{ED9BFBBB-0E61-4DAA-8199-CD9F2197B3B7}.Release|Any CPU.ActiveCfg = Release|Any CPU
		{ED9BFBBB-0E61-4DAA-8199-CD9F2197B3B7}.Release|Any CPU.Build.0 = Release|Any CPU
		{EDDFB23E-D145-4438-A9CA-3DBAD7F5FD3D}.Debug|Any CPU.ActiveCfg = Debug|Any CPU
		{EDDFB23E-D145-4438-A9CA-3DBAD7F5FD3D}.Debug|Any CPU.Build.0 = Debug|Any CPU
		{EDDFB23E-D145-4438-A9CA-3DBAD7F5FD3D}.Release|Any CPU.ActiveCfg = Release|Any CPU
		{EDDFB23E-D145-4438-A9CA-3DBAD7F5FD3D}.Release|Any CPU.Build.0 = Release|Any CPU
		{E5D626A2-D9AA-4CF7-B38D-0B0CFEC0CFD0}.Debug|Any CPU.ActiveCfg = Debug|Any CPU
		{E5D626A2-D9AA-4CF7-B38D-0B0CFEC0CFD0}.Debug|Any CPU.Build.0 = Debug|Any CPU
		{E5D626A2-D9AA-4CF7-B38D-0B0CFEC0CFD0}.Release|Any CPU.ActiveCfg = Release|Any CPU
		{E5D626A2-D9AA-4CF7-B38D-0B0CFEC0CFD0}.Release|Any CPU.Build.0 = Release|Any CPU
		{D2581905-5D71-4F14-96ED-6D54F22641CD}.Debug|Any CPU.ActiveCfg = Debug|Any CPU
		{D2581905-5D71-4F14-96ED-6D54F22641CD}.Debug|Any CPU.Build.0 = Debug|Any CPU
		{D2581905-5D71-4F14-96ED-6D54F22641CD}.Release|Any CPU.ActiveCfg = Release|Any CPU
		{D2581905-5D71-4F14-96ED-6D54F22641CD}.Release|Any CPU.Build.0 = Release|Any CPU
		{98F2A55B-FA22-41EA-886F-C39CBA7B8819}.Debug|Any CPU.ActiveCfg = Debug|Any CPU
		{98F2A55B-FA22-41EA-886F-C39CBA7B8819}.Debug|Any CPU.Build.0 = Debug|Any CPU
		{98F2A55B-FA22-41EA-886F-C39CBA7B8819}.Release|Any CPU.ActiveCfg = Release|Any CPU
		{98F2A55B-FA22-41EA-886F-C39CBA7B8819}.Release|Any CPU.Build.0 = Release|Any CPU
		{6CAEF2C2-DBE8-4E01-B237-D19B03262828}.Debug|Any CPU.ActiveCfg = Debug|Any CPU
		{6CAEF2C2-DBE8-4E01-B237-D19B03262828}.Debug|Any CPU.Build.0 = Debug|Any CPU
		{6CAEF2C2-DBE8-4E01-B237-D19B03262828}.Release|Any CPU.ActiveCfg = Release|Any CPU
		{6CAEF2C2-DBE8-4E01-B237-D19B03262828}.Release|Any CPU.Build.0 = Release|Any CPU
		{8A680AAB-C3A3-43C5-B06A-981EABD45BB0}.Debug|Any CPU.ActiveCfg = Debug|Any CPU
		{8A680AAB-C3A3-43C5-B06A-981EABD45BB0}.Debug|Any CPU.Build.0 = Debug|Any CPU
		{8A680AAB-C3A3-43C5-B06A-981EABD45BB0}.Release|Any CPU.ActiveCfg = Release|Any CPU
		{8A680AAB-C3A3-43C5-B06A-981EABD45BB0}.Release|Any CPU.Build.0 = Release|Any CPU
		{EEE9290B-84B5-497B-9BC1-6D0EDD7BF1FF}.Debug|Any CPU.ActiveCfg = Debug|Any CPU
		{EEE9290B-84B5-497B-9BC1-6D0EDD7BF1FF}.Debug|Any CPU.Build.0 = Debug|Any CPU
		{EEE9290B-84B5-497B-9BC1-6D0EDD7BF1FF}.Release|Any CPU.ActiveCfg = Release|Any CPU
		{EEE9290B-84B5-497B-9BC1-6D0EDD7BF1FF}.Release|Any CPU.Build.0 = Release|Any CPU
		{4D14ED16-F4C3-42CE-9C1C-94F2472424B2}.Debug|Any CPU.ActiveCfg = Debug|Any CPU
		{4D14ED16-F4C3-42CE-9C1C-94F2472424B2}.Debug|Any CPU.Build.0 = Debug|Any CPU
		{4D14ED16-F4C3-42CE-9C1C-94F2472424B2}.Release|Any CPU.ActiveCfg = Release|Any CPU
		{4D14ED16-F4C3-42CE-9C1C-94F2472424B2}.Release|Any CPU.Build.0 = Release|Any CPU
		{DF5588DD-C88B-4610-9DFE-CAC3C9492D53}.Debug|Any CPU.ActiveCfg = Debug|Any CPU
		{DF5588DD-C88B-4610-9DFE-CAC3C9492D53}.Debug|Any CPU.Build.0 = Debug|Any CPU
		{DF5588DD-C88B-4610-9DFE-CAC3C9492D53}.Release|Any CPU.ActiveCfg = Release|Any CPU
		{DF5588DD-C88B-4610-9DFE-CAC3C9492D53}.Release|Any CPU.Build.0 = Release|Any CPU
		{C0730211-289E-4330-96D9-B065E3E5223D}.Debug|Any CPU.ActiveCfg = Debug|Any CPU
		{C0730211-289E-4330-96D9-B065E3E5223D}.Debug|Any CPU.Build.0 = Debug|Any CPU
		{C0730211-289E-4330-96D9-B065E3E5223D}.Release|Any CPU.ActiveCfg = Release|Any CPU
		{C0730211-289E-4330-96D9-B065E3E5223D}.Release|Any CPU.Build.0 = Release|Any CPU
		{C958C238-545F-4074-BE7D-1BD65D1CF7C6}.Debug|Any CPU.ActiveCfg = Debug|Any CPU
		{C958C238-545F-4074-BE7D-1BD65D1CF7C6}.Debug|Any CPU.Build.0 = Debug|Any CPU
		{C958C238-545F-4074-BE7D-1BD65D1CF7C6}.Release|Any CPU.ActiveCfg = Release|Any CPU
		{C958C238-545F-4074-BE7D-1BD65D1CF7C6}.Release|Any CPU.Build.0 = Release|Any CPU
		{F0868B54-1C05-4BCB-9B8C-70946C8DAFF1}.Debug|Any CPU.ActiveCfg = Debug|Any CPU
		{F0868B54-1C05-4BCB-9B8C-70946C8DAFF1}.Debug|Any CPU.Build.0 = Debug|Any CPU
		{F0868B54-1C05-4BCB-9B8C-70946C8DAFF1}.Release|Any CPU.ActiveCfg = Release|Any CPU
		{F0868B54-1C05-4BCB-9B8C-70946C8DAFF1}.Release|Any CPU.Build.0 = Release|Any CPU
		{80F25E94-C7C8-4429-8E71-33DCEFBDE861}.Debug|Any CPU.ActiveCfg = Debug|Any CPU
		{80F25E94-C7C8-4429-8E71-33DCEFBDE861}.Debug|Any CPU.Build.0 = Debug|Any CPU
		{80F25E94-C7C8-4429-8E71-33DCEFBDE861}.Release|Any CPU.ActiveCfg = Release|Any CPU
		{80F25E94-C7C8-4429-8E71-33DCEFBDE861}.Release|Any CPU.Build.0 = Release|Any CPU
		{8B411286-5ECC-4676-90AD-3894CC7AA5BE}.Debug|Any CPU.ActiveCfg = Debug|Any CPU
		{8B411286-5ECC-4676-90AD-3894CC7AA5BE}.Debug|Any CPU.Build.0 = Debug|Any CPU
		{8B411286-5ECC-4676-90AD-3894CC7AA5BE}.Release|Any CPU.ActiveCfg = Release|Any CPU
		{8B411286-5ECC-4676-90AD-3894CC7AA5BE}.Release|Any CPU.Build.0 = Release|Any CPU
		{C83594E4-7029-4991-9793-1209228A5B2E}.Debug|Any CPU.ActiveCfg = Debug|Any CPU
		{C83594E4-7029-4991-9793-1209228A5B2E}.Debug|Any CPU.Build.0 = Debug|Any CPU
		{C83594E4-7029-4991-9793-1209228A5B2E}.Release|Any CPU.ActiveCfg = Release|Any CPU
		{C83594E4-7029-4991-9793-1209228A5B2E}.Release|Any CPU.Build.0 = Release|Any CPU
		{89EFDC80-ED94-47DF-AA92-9A3F3292E196}.Debug|Any CPU.ActiveCfg = Debug|Any CPU
		{89EFDC80-ED94-47DF-AA92-9A3F3292E196}.Debug|Any CPU.Build.0 = Debug|Any CPU
		{89EFDC80-ED94-47DF-AA92-9A3F3292E196}.Release|Any CPU.ActiveCfg = Release|Any CPU
		{89EFDC80-ED94-47DF-AA92-9A3F3292E196}.Release|Any CPU.Build.0 = Release|Any CPU
		{66B3885E-3059-439A-BB65-699BF5B7EEE2}.Debug|Any CPU.ActiveCfg = Debug|Any CPU
		{66B3885E-3059-439A-BB65-699BF5B7EEE2}.Debug|Any CPU.Build.0 = Debug|Any CPU
		{66B3885E-3059-439A-BB65-699BF5B7EEE2}.Release|Any CPU.ActiveCfg = Release|Any CPU
		{66B3885E-3059-439A-BB65-699BF5B7EEE2}.Release|Any CPU.Build.0 = Release|Any CPU
		{C97CA551-105D-443C-80B5-62238C0031A6}.Debug|Any CPU.ActiveCfg = Debug|Any CPU
		{C97CA551-105D-443C-80B5-62238C0031A6}.Debug|Any CPU.Build.0 = Debug|Any CPU
		{C97CA551-105D-443C-80B5-62238C0031A6}.Release|Any CPU.ActiveCfg = Release|Any CPU
		{C97CA551-105D-443C-80B5-62238C0031A6}.Release|Any CPU.Build.0 = Release|Any CPU
		{3AC91A0B-F5F5-4092-B680-84738AEC1D95}.Debug|Any CPU.ActiveCfg = Debug|Any CPU
		{3AC91A0B-F5F5-4092-B680-84738AEC1D95}.Debug|Any CPU.Build.0 = Debug|Any CPU
		{3AC91A0B-F5F5-4092-B680-84738AEC1D95}.Release|Any CPU.ActiveCfg = Release|Any CPU
		{3AC91A0B-F5F5-4092-B680-84738AEC1D95}.Release|Any CPU.Build.0 = Release|Any CPU
		{08CCA6B0-AA35-4E52-BD2F-6436514F3243}.Debug|Any CPU.ActiveCfg = Debug|Any CPU
		{08CCA6B0-AA35-4E52-BD2F-6436514F3243}.Debug|Any CPU.Build.0 = Debug|Any CPU
		{08CCA6B0-AA35-4E52-BD2F-6436514F3243}.Release|Any CPU.ActiveCfg = Release|Any CPU
		{08CCA6B0-AA35-4E52-BD2F-6436514F3243}.Release|Any CPU.Build.0 = Release|Any CPU
		{F367CDC9-F7CB-454A-80C2-B3DBDD1AEA93}.Debug|Any CPU.ActiveCfg = Debug|Any CPU
		{F367CDC9-F7CB-454A-80C2-B3DBDD1AEA93}.Debug|Any CPU.Build.0 = Debug|Any CPU
		{F367CDC9-F7CB-454A-80C2-B3DBDD1AEA93}.Release|Any CPU.ActiveCfg = Release|Any CPU
		{F367CDC9-F7CB-454A-80C2-B3DBDD1AEA93}.Release|Any CPU.Build.0 = Release|Any CPU
		{F994D400-8980-4EA7-BDBA-A118E4E9D0E4}.Debug|Any CPU.ActiveCfg = Debug|Any CPU
		{F994D400-8980-4EA7-BDBA-A118E4E9D0E4}.Debug|Any CPU.Build.0 = Debug|Any CPU
		{F994D400-8980-4EA7-BDBA-A118E4E9D0E4}.Release|Any CPU.ActiveCfg = Release|Any CPU
		{F994D400-8980-4EA7-BDBA-A118E4E9D0E4}.Release|Any CPU.Build.0 = Release|Any CPU
		{CBCADE4C-AC38-4841-8556-A0D701A42B4E}.Debug|Any CPU.ActiveCfg = Debug|Any CPU
		{CBCADE4C-AC38-4841-8556-A0D701A42B4E}.Debug|Any CPU.Build.0 = Debug|Any CPU
		{CBCADE4C-AC38-4841-8556-A0D701A42B4E}.Release|Any CPU.ActiveCfg = Release|Any CPU
		{CBCADE4C-AC38-4841-8556-A0D701A42B4E}.Release|Any CPU.Build.0 = Release|Any CPU
		{2F0DDA7C-A347-4B3F-A784-B12E77BD7730}.Debug|Any CPU.ActiveCfg = Debug|Any CPU
		{2F0DDA7C-A347-4B3F-A784-B12E77BD7730}.Debug|Any CPU.Build.0 = Debug|Any CPU
		{2F0DDA7C-A347-4B3F-A784-B12E77BD7730}.Release|Any CPU.ActiveCfg = Release|Any CPU
		{2F0DDA7C-A347-4B3F-A784-B12E77BD7730}.Release|Any CPU.Build.0 = Release|Any CPU
		{6C31AD29-4526-42D2-8D8F-B8F8B2208301}.Debug|Any CPU.ActiveCfg = Debug|Any CPU
		{6C31AD29-4526-42D2-8D8F-B8F8B2208301}.Debug|Any CPU.Build.0 = Debug|Any CPU
		{6C31AD29-4526-42D2-8D8F-B8F8B2208301}.Release|Any CPU.ActiveCfg = Release|Any CPU
		{6C31AD29-4526-42D2-8D8F-B8F8B2208301}.Release|Any CPU.Build.0 = Release|Any CPU
		{70F9F8C7-77F3-4B0C-A440-0F606CCAB0F2}.Debug|Any CPU.ActiveCfg = Debug|Any CPU
		{70F9F8C7-77F3-4B0C-A440-0F606CCAB0F2}.Debug|Any CPU.Build.0 = Debug|Any CPU
		{70F9F8C7-77F3-4B0C-A440-0F606CCAB0F2}.Release|Any CPU.ActiveCfg = Release|Any CPU
		{70F9F8C7-77F3-4B0C-A440-0F606CCAB0F2}.Release|Any CPU.Build.0 = Release|Any CPU
		{BED608AC-2B02-40CD-AE74-3AF2BA7733C6}.Debug|Any CPU.ActiveCfg = Debug|Any CPU
		{BED608AC-2B02-40CD-AE74-3AF2BA7733C6}.Debug|Any CPU.Build.0 = Debug|Any CPU
		{BED608AC-2B02-40CD-AE74-3AF2BA7733C6}.Release|Any CPU.ActiveCfg = Release|Any CPU
		{BED608AC-2B02-40CD-AE74-3AF2BA7733C6}.Release|Any CPU.Build.0 = Release|Any CPU
		{F99F6C4A-42D5-468F-86A0-3D9AA107D646}.Debug|Any CPU.ActiveCfg = Debug|Any CPU
		{F99F6C4A-42D5-468F-86A0-3D9AA107D646}.Debug|Any CPU.Build.0 = Debug|Any CPU
		{F99F6C4A-42D5-468F-86A0-3D9AA107D646}.Release|Any CPU.ActiveCfg = Release|Any CPU
		{F99F6C4A-42D5-468F-86A0-3D9AA107D646}.Release|Any CPU.Build.0 = Release|Any CPU
		{506B4AAA-2601-4020-9E42-3EB5008ED2F3}.Debug|Any CPU.ActiveCfg = Debug|Any CPU
		{506B4AAA-2601-4020-9E42-3EB5008ED2F3}.Debug|Any CPU.Build.0 = Debug|Any CPU
		{506B4AAA-2601-4020-9E42-3EB5008ED2F3}.Release|Any CPU.ActiveCfg = Release|Any CPU
		{506B4AAA-2601-4020-9E42-3EB5008ED2F3}.Release|Any CPU.Build.0 = Release|Any CPU
		{2A8892A5-5D72-478C-9A75-92553F7F8647}.Debug|Any CPU.ActiveCfg = Debug|Any CPU
		{2A8892A5-5D72-478C-9A75-92553F7F8647}.Debug|Any CPU.Build.0 = Debug|Any CPU
		{2A8892A5-5D72-478C-9A75-92553F7F8647}.Release|Any CPU.ActiveCfg = Release|Any CPU
		{2A8892A5-5D72-478C-9A75-92553F7F8647}.Release|Any CPU.Build.0 = Release|Any CPU
		{C4EFE180-5D40-492E-80EB-2F6F8718E8E1}.Debug|Any CPU.ActiveCfg = Debug|Any CPU
		{C4EFE180-5D40-492E-80EB-2F6F8718E8E1}.Debug|Any CPU.Build.0 = Debug|Any CPU
		{C4EFE180-5D40-492E-80EB-2F6F8718E8E1}.Release|Any CPU.ActiveCfg = Release|Any CPU
		{C4EFE180-5D40-492E-80EB-2F6F8718E8E1}.Release|Any CPU.Build.0 = Release|Any CPU
		{2661FC67-CD8C-4C1A-9BCE-10D45D58FF01}.Debug|Any CPU.ActiveCfg = Debug|Any CPU
		{2661FC67-CD8C-4C1A-9BCE-10D45D58FF01}.Debug|Any CPU.Build.0 = Debug|Any CPU
		{2661FC67-CD8C-4C1A-9BCE-10D45D58FF01}.Release|Any CPU.ActiveCfg = Release|Any CPU
		{2661FC67-CD8C-4C1A-9BCE-10D45D58FF01}.Release|Any CPU.Build.0 = Release|Any CPU
		{C4C9C667-C828-48C5-8C2D-1CCD06AA621C}.Debug|Any CPU.ActiveCfg = Debug|Any CPU
		{C4C9C667-C828-48C5-8C2D-1CCD06AA621C}.Debug|Any CPU.Build.0 = Debug|Any CPU
		{C4C9C667-C828-48C5-8C2D-1CCD06AA621C}.Release|Any CPU.ActiveCfg = Release|Any CPU
		{C4C9C667-C828-48C5-8C2D-1CCD06AA621C}.Release|Any CPU.Build.0 = Release|Any CPU
		{33255F90-6571-4B6C-BEF4-B8864E890647}.Debug|Any CPU.ActiveCfg = Debug|Any CPU
		{33255F90-6571-4B6C-BEF4-B8864E890647}.Debug|Any CPU.Build.0 = Debug|Any CPU
		{33255F90-6571-4B6C-BEF4-B8864E890647}.Release|Any CPU.ActiveCfg = Release|Any CPU
		{33255F90-6571-4B6C-BEF4-B8864E890647}.Release|Any CPU.Build.0 = Release|Any CPU
		{F9A47201-E813-40A4-87E8-0CDA93D4AAB4}.Debug|Any CPU.ActiveCfg = Debug|Any CPU
		{F9A47201-E813-40A4-87E8-0CDA93D4AAB4}.Debug|Any CPU.Build.0 = Debug|Any CPU
		{F9A47201-E813-40A4-87E8-0CDA93D4AAB4}.Release|Any CPU.ActiveCfg = Release|Any CPU
		{F9A47201-E813-40A4-87E8-0CDA93D4AAB4}.Release|Any CPU.Build.0 = Release|Any CPU
		{50C0FF57-A4F1-4370-9AF3-E1CBFAA27646}.Debug|Any CPU.ActiveCfg = Debug|Any CPU
		{50C0FF57-A4F1-4370-9AF3-E1CBFAA27646}.Debug|Any CPU.Build.0 = Debug|Any CPU
		{50C0FF57-A4F1-4370-9AF3-E1CBFAA27646}.Release|Any CPU.ActiveCfg = Release|Any CPU
		{50C0FF57-A4F1-4370-9AF3-E1CBFAA27646}.Release|Any CPU.Build.0 = Release|Any CPU
		{80BCE637-4D43-47B5-9B7D-309F34A9DBCE}.Debug|Any CPU.ActiveCfg = Debug|Any CPU
		{80BCE637-4D43-47B5-9B7D-309F34A9DBCE}.Debug|Any CPU.Build.0 = Debug|Any CPU
		{80BCE637-4D43-47B5-9B7D-309F34A9DBCE}.Release|Any CPU.ActiveCfg = Release|Any CPU
		{80BCE637-4D43-47B5-9B7D-309F34A9DBCE}.Release|Any CPU.Build.0 = Release|Any CPU
		{9FFDD1C1-EFCB-4BDF-BFD8-09735DE763A3}.Debug|Any CPU.ActiveCfg = Debug|Any CPU
		{9FFDD1C1-EFCB-4BDF-BFD8-09735DE763A3}.Debug|Any CPU.Build.0 = Debug|Any CPU
		{9FFDD1C1-EFCB-4BDF-BFD8-09735DE763A3}.Release|Any CPU.ActiveCfg = Release|Any CPU
		{9FFDD1C1-EFCB-4BDF-BFD8-09735DE763A3}.Release|Any CPU.Build.0 = Release|Any CPU
	EndGlobalSection
	GlobalSection(SolutionProperties) = preSolution
		HideSolutionNode = FALSE
	EndGlobalSection
	GlobalSection(NestedProjects) = preSolution
		{10C3D6B4-FCB3-49C1-805E-4E1C0B4F1AFC} = {8FFBAF16-3611-43AE-B2EE-417E8624BC35}
		{F9737FB9-C3FE-436D-A08C-B34B0B5B0D0E} = {10C3D6B4-FCB3-49C1-805E-4E1C0B4F1AFC}
		{10AEC5AE-D30D-4BDE-A84C-A1D7C531544C} = {10C3D6B4-FCB3-49C1-805E-4E1C0B4F1AFC}
		{12E5C13A-6F63-40CA-88EF-E2A517831762} = {10C3D6B4-FCB3-49C1-805E-4E1C0B4F1AFC}
		{86A24EAB-A28C-4F76-986E-250E8BF201E0} = {8FFBAF16-3611-43AE-B2EE-417E8624BC35}
		{ED9BFBBB-0E61-4DAA-8199-CD9F2197B3B7} = {86A24EAB-A28C-4F76-986E-250E8BF201E0}
		{EDDFB23E-D145-4438-A9CA-3DBAD7F5FD3D} = {86A24EAB-A28C-4F76-986E-250E8BF201E0}
		{E5D626A2-D9AA-4CF7-B38D-0B0CFEC0CFD0} = {86A24EAB-A28C-4F76-986E-250E8BF201E0}
		{D2581905-5D71-4F14-96ED-6D54F22641CD} = {86A24EAB-A28C-4F76-986E-250E8BF201E0}
		{98F2A55B-FA22-41EA-886F-C39CBA7B8819} = {86A24EAB-A28C-4F76-986E-250E8BF201E0}
		{6CAEF2C2-DBE8-4E01-B237-D19B03262828} = {86A24EAB-A28C-4F76-986E-250E8BF201E0}
		{8A680AAB-C3A3-43C5-B06A-981EABD45BB0} = {86A24EAB-A28C-4F76-986E-250E8BF201E0}
		{EEE9290B-84B5-497B-9BC1-6D0EDD7BF1FF} = {86A24EAB-A28C-4F76-986E-250E8BF201E0}
		{4D14ED16-F4C3-42CE-9C1C-94F2472424B2} = {86A24EAB-A28C-4F76-986E-250E8BF201E0}
		{DF5588DD-C88B-4610-9DFE-CAC3C9492D53} = {86A24EAB-A28C-4F76-986E-250E8BF201E0}
		{C0730211-289E-4330-96D9-B065E3E5223D} = {86A24EAB-A28C-4F76-986E-250E8BF201E0}
		{C958C238-545F-4074-BE7D-1BD65D1CF7C6} = {86A24EAB-A28C-4F76-986E-250E8BF201E0}
		{F0868B54-1C05-4BCB-9B8C-70946C8DAFF1} = {86A24EAB-A28C-4F76-986E-250E8BF201E0}
		{80F25E94-C7C8-4429-8E71-33DCEFBDE861} = {86A24EAB-A28C-4F76-986E-250E8BF201E0}
		{8B411286-5ECC-4676-90AD-3894CC7AA5BE} = {86A24EAB-A28C-4F76-986E-250E8BF201E0}
		{C83594E4-7029-4991-9793-1209228A5B2E} = {86A24EAB-A28C-4F76-986E-250E8BF201E0}
		{89EFDC80-ED94-47DF-AA92-9A3F3292E196} = {86A24EAB-A28C-4F76-986E-250E8BF201E0}
		{66B3885E-3059-439A-BB65-699BF5B7EEE2} = {86A24EAB-A28C-4F76-986E-250E8BF201E0}
		{C97CA551-105D-443C-80B5-62238C0031A6} = {86A24EAB-A28C-4F76-986E-250E8BF201E0}
		{F01E00AB-23D6-401E-A052-4781EC3F8080} = {8FFBAF16-3611-43AE-B2EE-417E8624BC35}
		{3AC91A0B-F5F5-4092-B680-84738AEC1D95} = {F01E00AB-23D6-401E-A052-4781EC3F8080}
		{08CCA6B0-AA35-4E52-BD2F-6436514F3243} = {F01E00AB-23D6-401E-A052-4781EC3F8080}
		{F367CDC9-F7CB-454A-80C2-B3DBDD1AEA93} = {F01E00AB-23D6-401E-A052-4781EC3F8080}
		{F994D400-8980-4EA7-BDBA-A118E4E9D0E4} = {F01E00AB-23D6-401E-A052-4781EC3F8080}
		{CBCADE4C-AC38-4841-8556-A0D701A42B4E} = {F01E00AB-23D6-401E-A052-4781EC3F8080}
		{2F0DDA7C-A347-4B3F-A784-B12E77BD7730} = {F01E00AB-23D6-401E-A052-4781EC3F8080}
		{6C31AD29-4526-42D2-8D8F-B8F8B2208301} = {F01E00AB-23D6-401E-A052-4781EC3F8080}
		{70F9F8C7-77F3-4B0C-A440-0F606CCAB0F2} = {F01E00AB-23D6-401E-A052-4781EC3F8080}
		{BED608AC-2B02-40CD-AE74-3AF2BA7733C6} = {F01E00AB-23D6-401E-A052-4781EC3F8080}
		{F99F6C4A-42D5-468F-86A0-3D9AA107D646} = {F01E00AB-23D6-401E-A052-4781EC3F8080}
		{506B4AAA-2601-4020-9E42-3EB5008ED2F3} = {F01E00AB-23D6-401E-A052-4781EC3F8080}
		{464E2A0A-E634-41CB-8CF3-E2018C0B4E0D} = {8FFBAF16-3611-43AE-B2EE-417E8624BC35}
		{2A8892A5-5D72-478C-9A75-92553F7F8647} = {464E2A0A-E634-41CB-8CF3-E2018C0B4E0D}
		{C4EFE180-5D40-492E-80EB-2F6F8718E8E1} = {464E2A0A-E634-41CB-8CF3-E2018C0B4E0D}
		{2661FC67-CD8C-4C1A-9BCE-10D45D58FF01} = {464E2A0A-E634-41CB-8CF3-E2018C0B4E0D}
		{C4C9C667-C828-48C5-8C2D-1CCD06AA621C} = {464E2A0A-E634-41CB-8CF3-E2018C0B4E0D}
		{33255F90-6571-4B6C-BEF4-B8864E890647} = {464E2A0A-E634-41CB-8CF3-E2018C0B4E0D}
		{48993663-7EE8-4D65-BB1F-79628AFAF37C} = {8FFBAF16-3611-43AE-B2EE-417E8624BC35}
		{F9A47201-E813-40A4-87E8-0CDA93D4AAB4} = {48993663-7EE8-4D65-BB1F-79628AFAF37C}
		{50C0FF57-A4F1-4370-9AF3-E1CBFAA27646} = {48993663-7EE8-4D65-BB1F-79628AFAF37C}
		{80BCE637-4D43-47B5-9B7D-309F34A9DBCE} = {48993663-7EE8-4D65-BB1F-79628AFAF37C}
		{8C5DAB9A-7E75-402B-985A-B7FE6AF097A1} = {8FFBAF16-3611-43AE-B2EE-417E8624BC35}
		{9FFDD1C1-EFCB-4BDF-BFD8-09735DE763A3} = {8C5DAB9A-7E75-402B-985A-B7FE6AF097A1}
	EndGlobalSection
	GlobalSection(ExtensibilityGlobals) = postSolution
		SolutionGuid = {238B235E-2AF7-4204-91ED-3907BC09DE3C}
	EndGlobalSection
EndGlobal
