
Microsoft Visual Studio Solution File, Format Version 12.00
# Visual Studio Version 17
VisualStudioVersion = 17.3.32922.545
MinimumVisualStudioVersion = 10.0.40219.1
Project("{2150E333-8FDC-42A3-9474-1A3956D46DE8}") = "Exercises", "Exercises", "{8FFBAF16-3611-43AE-B2EE-417E8624BC35}"
EndProject
Project("{2150E333-8FDC-42A3-9474-1A3956D46DE8}") = "Defining Classes", "Defining Classes", "{10C3D6B4-FCB3-49C1-805E-4E1C0B4F1AFC}"
EndProject
Project("{9A19103F-16F7-4668-BE54-9A1E7A4F7556}") = "DefinePersonClass", "Exercises\Defining Classes\DefinePersonClass\DefinePersonClass.csproj", "{F9737FB9-C3FE-436D-A08C-B34B0B5B0D0E}"
EndProject
Project("{FAE04EC0-301F-11D3-BF4B-00C04F79EFBC}") = "Family", "Exercises\Defining Classes\Family\Family.csproj", "{10AEC5AE-D30D-4BDE-A84C-A1D7C531544C}"
EndProject
Project("{FAE04EC0-301F-11D3-BF4B-00C04F79EFBC}") = "Statistics", "Exercises\Defining Classes\Statistics\Statistics.csproj", "{12E5C13A-6F63-40CA-88EF-E2A517831762}"
EndProject
Global
	GlobalSection(SolutionConfigurationPlatforms) = preSolution
		Debug|Any CPU = Debug|Any CPU
		Release|Any CPU = Release|Any CPU
	EndGlobalSection
	GlobalSection(ProjectConfigurationPlatforms) = postSolution
		{F9737FB9-C3FE-436D-A08C-B34B0B5B0D0E}.Debug|Any CPU.ActiveCfg = Debug|Any CPU
		{F9737FB9-C3FE-436D-A08C-B34B0B5B0D0E}.Debug|Any CPU.Build.0 = Debug|Any CPU
		{F9737FB9-C3FE-436D-A08C-B34B0B5B0D0E}.Release|Any CPU.ActiveCfg = Release|Any CPU
		{F9737FB9-C3FE-436D-A08C-B34B0B5B0D0E}.Release|Any CPU.Build.0 = Release|Any CPU
		{10AEC5AE-D30D-4BDE-A84C-A1D7C531544C}.Debug|Any CPU.ActiveCfg = Debug|Any CPU
		{10AEC5AE-D30D-4BDE-A84C-A1D7C531544C}.Debug|Any CPU.Build.0 = Debug|Any CPU
		{10AEC5AE-D30D-4BDE-A84C-A1D7C531544C}.Release|Any CPU.ActiveCfg = Release|Any CPU
		{10AEC5AE-D30D-4BDE-A84C-A1D7C531544C}.Release|Any CPU.Build.0 = Release|Any CPU
		{12E5C13A-6F63-40CA-88EF-E2A517831762}.Debug|Any CPU.ActiveCfg = Debug|Any CPU
		{12E5C13A-6F63-40CA-88EF-E2A517831762}.Debug|Any CPU.Build.0 = Debug|Any CPU
		{12E5C13A-6F63-40CA-88EF-E2A517831762}.Release|Any CPU.ActiveCfg = Release|Any CPU
		{12E5C13A-6F63-40CA-88EF-E2A517831762}.Release|Any CPU.Build.0 = Release|Any CPU
	EndGlobalSection
	GlobalSection(SolutionProperties) = preSolution
		HideSolutionNode = FALSE
	EndGlobalSection
	GlobalSection(NestedProjects) = preSolution
		{10C3D6B4-FCB3-49C1-805E-4E1C0B4F1AFC} = {8FFBAF16-3611-43AE-B2EE-417E8624BC35}
		{F9737FB9-C3FE-436D-A08C-B34B0B5B0D0E} = {10C3D6B4-FCB3-49C1-805E-4E1C0B4F1AFC}
		{10AEC5AE-D30D-4BDE-A84C-A1D7C531544C} = {10C3D6B4-FCB3-49C1-805E-4E1C0B4F1AFC}
		{12E5C13A-6F63-40CA-88EF-E2A517831762} = {10C3D6B4-FCB3-49C1-805E-4E1C0B4F1AFC}
	EndGlobalSection
	GlobalSection(ExtensibilityGlobals) = postSolution
		SolutionGuid = {238B235E-2AF7-4204-91ED-3907BC09DE3C}
	EndGlobalSection
EndGlobal
